
Microsoft Visual Studio Solution File, Format Version 12.00
# Visual Studio Version 16
VisualStudioVersion = 16.0.31005.135
MinimumVisualStudioVersion = 10.0.40219.1
Project("{FAE04EC0-301F-11D3-BF4B-00C04F79EFBC}") = "FinderPhoneBot", "FinderPhoneBot.csproj", "{70971312-DD1F-465D-B095-C27FCFEB875D}"
EndProject
Global
	GlobalSection(SolutionConfigurationPlatforms) = preSolution
		Debug|Any CPU = Debug|Any CPU
		Release|Any CPU = Release|Any CPU
	EndGlobalSection
	GlobalSection(ProjectConfigurationPlatforms) = postSolution
		{70971312-DD1F-465D-B095-C27FCFEB875D}.Debug|Any CPU.ActiveCfg = Debug|Any CPU
		{70971312-DD1F-465D-B095-C27FCFEB875D}.Debug|Any CPU.Build.0 = Debug|Any CPU
		{70971312-DD1F-465D-B095-C27FCFEB875D}.Release|Any CPU.ActiveCfg = Release|Any CPU
		{70971312-DD1F-465D-B095-C27FCFEB875D}.Release|Any CPU.Build.0 = Release|Any CPU
	EndGlobalSection
	GlobalSection(SolutionProperties) = preSolution
		HideSolutionNode = FALSE
	EndGlobalSection
	GlobalSection(ExtensibilityGlobals) = postSolution
		SolutionGuid = {590DDA60-05EE-42DF-ADE0-44330E3C11E9}
	EndGlobalSection
EndGlobal
